
Microsoft Visual Studio Solution File, Format Version 12.00
# Visual Studio 15
VisualStudioVersion = 15.0.27004.2005
MinimumVisualStudioVersion = 10.0.40219.1
Project("{9A19103F-16F7-4668-BE54-9A1E7A4F7556}") = "HammingCode", "HammingCode\HammingCode.csproj", "{257991FE-53EC-4FF3-B735-F4FA45419667}"
EndProject
Project("{9A19103F-16F7-4668-BE54-9A1E7A4F7556}") = "TestLibrary", "TestLibrary\TestLibrary.csproj", "{4AACF319-5305-45B1-9424-C41C7135353D}"
EndProject
Global
	GlobalSection(SolutionConfigurationPlatforms) = preSolution
		Debug|Any CPU = Debug|Any CPU
		Release|Any CPU = Release|Any CPU
	EndGlobalSection
	GlobalSection(ProjectConfigurationPlatforms) = postSolution
		{257991FE-53EC-4FF3-B735-F4FA45419667}.Debug|Any CPU.ActiveCfg = Debug|Any CPU
		{257991FE-53EC-4FF3-B735-F4FA45419667}.Debug|Any CPU.Build.0 = Debug|Any CPU
		{257991FE-53EC-4FF3-B735-F4FA45419667}.Release|Any CPU.ActiveCfg = Release|Any CPU
		{257991FE-53EC-4FF3-B735-F4FA45419667}.Release|Any CPU.Build.0 = Release|Any CPU
		{4AACF319-5305-45B1-9424-C41C7135353D}.Debug|Any CPU.ActiveCfg = Debug|Any CPU
		{4AACF319-5305-45B1-9424-C41C7135353D}.Debug|Any CPU.Build.0 = Debug|Any CPU
		{4AACF319-5305-45B1-9424-C41C7135353D}.Release|Any CPU.ActiveCfg = Release|Any CPU
		{4AACF319-5305-45B1-9424-C41C7135353D}.Release|Any CPU.Build.0 = Release|Any CPU
	EndGlobalSection
	GlobalSection(SolutionProperties) = preSolution
		HideSolutionNode = FALSE
	EndGlobalSection
	GlobalSection(ExtensibilityGlobals) = postSolution
		SolutionGuid = {261B705C-1354-4CD2-BC41-6413E55E1219}
	EndGlobalSection
EndGlobal
